<?xml version="1.0" encoding="utf-8"?>
<Project ToolsVersion="4.0" xmlns="http://schemas.microsoft.com/developer/msbuild/2003">
  <ItemGroup>
    <Filter Include="源文件">
      <UniqueIdentifier>{4FC737F1-C7A5-4376-A066-2A32D752A2FF}</UniqueIdentifier>
      <Extensions>cpp;c;cc;cxx;c++;cppm;ixx;def;odl;idl;hpj;bat;asm;asmx</Extensions>
    </Filter>
    <Filter Include="头文件">
      <UniqueIdentifier>{93995380-89BD-4b04-88EB-625FBE52EBFB}</UniqueIdentifier>
      <Extensions>h;hh;hpp;hxx;h++;hm;inl;inc;ipp;xsd</Extensions>
    </Filter>
    <Filter Include="头文件\Control">
      <UniqueIdentifier>{d2cfe055-f2ed-4241-9dd3-21ffa83e860c}</UniqueIdentifier>
    </Filter>
    <Filter Include="源文件\Control">
      <UniqueIdentifier>{1bd4b915-cfd3-4233-bc5e-915f9cb2780c}</UniqueIdentifier>
    </Filter>
    <Filter Include="头文件\Functions">
      <UniqueIdentifier>{1e4fbf5a-e689-4ff9-967a-92dfe357505d}</UniqueIdentifier>
    </Filter>
    <Filter Include="源文件\Control\Class">
      <UniqueIdentifier>{a2940464-f786-4902-83b3-a25b01ff87a3}</UniqueIdentifier>
    </Filter>
    <Filter Include="头文件\Control\Class">
      <UniqueIdentifier>{3130bd22-465b-4d40-b113-2c263a556ea9}</UniqueIdentifier>
    </Filter>
    <Filter Include="Packages">
      <UniqueIdentifier>{aaf3ac41-91fe-4d9d-83aa-94d4e68fd97c}</UniqueIdentifier>
    </Filter>
    <Filter Include="头文件\Math">
      <UniqueIdentifier>{d0ecd445-8127-4267-b54f-49033d89fa4a}</UniqueIdentifier>
    </Filter>
    <Filter Include="头文件\Audio">
      <UniqueIdentifier>{c7adef62-15ef-4359-bfe5-8855c7e1ebbe}</UniqueIdentifier>
    </Filter>
    <Filter Include="头文件\Console">
      <UniqueIdentifier>{4bc598c7-08a5-4868-8134-ae4f637113d4}</UniqueIdentifier>
    </Filter>
    <Filter Include="头文件\Text">
      <UniqueIdentifier>{7a6c3761-558d-46f6-9444-50f4fbc9eddb}</UniqueIdentifier>
    </Filter>
    <Filter Include="源文件\Text">
      <UniqueIdentifier>{5cff50e5-f9bd-4bd9-a9bb-734b507cd8e0}</UniqueIdentifier>
    </Filter>
    <Filter Include="源文件\Math">
      <UniqueIdentifier>{a417d27b-2eb7-4d8b-9a2b-83f059202da6}</UniqueIdentifier>
    </Filter>
    <Filter Include="源文件\Audio">
      <UniqueIdentifier>{6460612e-3eb6-47c9-88f9-02b49328aab1}</UniqueIdentifier>
    </Filter>
    <Filter Include="源文件\Console">
      <UniqueIdentifier>{38e0d928-4430-4eeb-a5f7-5d112b4a57ae}</UniqueIdentifier>
    </Filter>
    <Filter Include="头文件\Anim">
      <UniqueIdentifier>{1090c659-dbb1-4294-a20a-e6a7ed9555e1}</UniqueIdentifier>
    </Filter>
    <Filter Include="源文件\Anim">
      <UniqueIdentifier>{dc541f68-2d54-4dba-83bd-b3dd7913a847}</UniqueIdentifier>
    </Filter>
  </ItemGroup>
  <ItemGroup>
    <None Include="packages.config">
      <Filter>Packages</Filter>
    </None>
  </ItemGroup>
  <ItemGroup>
    <ClCompile Include="Object.cpp">
      <Filter>源文件\Control</Filter>
    </ClCompile>
    <ClCompile Include="Room.cpp">
      <Filter>源文件\Control</Filter>
    </ClCompile>
    <ClCompile Include="Actor.cpp">
      <Filter>源文件\Control\Class</Filter>
    </ClCompile>
    <ClCompile Include="FloatAPI.cpp">
      <Filter>源文件\Control</Filter>
    </ClCompile>
    <ClCompile Include="Block.cpp">
      <Filter>源文件\Control\Class</Filter>
    </ClCompile>
    <ClCompile Include="Game.cpp">
      <Filter>源文件\Control</Filter>
    </ClCompile>
    <ClCompile Include="FMath.cpp">
      <Filter>源文件\Math</Filter>
    </ClCompile>
    <ClCompile Include="F_Audio.cpp">
      <Filter>源文件\Audio</Filter>
    </ClCompile>
    <ClCompile Include="F_Resource.cpp">
      <Filter>源文件\Control</Filter>
    </ClCompile>
    <ClCompile Include="F_Text.cpp">
      <Filter>源文件\Text</Filter>
    </ClCompile>
    <ClCompile Include="F_Console.cpp">
      <Filter>源文件\Console</Filter>
    </ClCompile>
    <ClCompile Include="F_Anim.cpp">
      <Filter>源文件\Anim</Filter>
    </ClCompile>
    <ClCompile Include="main.cpp">
      <Filter>源文件</Filter>
    </ClCompile>
  </ItemGroup>
  <ItemGroup>
    <ClInclude Include="FloatEngine.h">
      <Filter>头文件</Filter>
    </ClInclude>
    <ClInclude Include="Object.h">
      <Filter>头文件\Control</Filter>
    </ClInclude>
    <ClInclude Include="Room.h">
      <Filter>头文件\Control</Filter>
    </ClInclude>
    <ClInclude Include="FloatApi.h">
      <Filter>头文件\Functions</Filter>
    </ClInclude>
    <ClInclude Include="Actor.h">
      <Filter>头文件\Control\Class</Filter>
    </ClInclude>
    <ClInclude Include="Block.h">
      <Filter>头文件\Control\Class</Filter>
    </ClInclude>
    <ClInclude Include="FMath.h">
      <Filter>头文件\Math</Filter>
    </ClInclude>
    <ClInclude Include="Game.h">
      <Filter>头文件\Control</Filter>
    </ClInclude>
    <ClInclude Include="winfuns.h">
      <Filter>头文件\Control</Filter>
    </ClInclude>
    <ClInclude Include="Enum.h">
      <Filter>头文件\Control</Filter>
    </ClInclude>
    <ClInclude Include="F_Audio.h">
      <Filter>头文件\Audio</Filter>
    </ClInclude>
    <ClInclude Include="F_Console.h">
      <Filter>头文件\Console</Filter>
    </ClInclude>
    <ClInclude Include="F_Text.h">
      <Filter>头文件\Text</Filter>
    </ClInclude>
    <ClInclude Include="F_Resource.h">
      <Filter>头文件\Control</Filter>
    </ClInclude>
    <ClInclude Include="F_Anim.h">
      <Filter>头文件\Anim</Filter>
    </ClInclude>
    <ClInclude Include="F_Easings.h">
      <Filter>头文件\Anim</Filter>
    </ClInclude>
  </ItemGroup>
</Project>